
Microsoft Visual Studio Solution File, Format Version 12.00
# Visual Studio 15
VisualStudioVersion = 15.0.28307.1062
MinimumVisualStudioVersion = 10.0.40219.1
Project("{FAE04EC0-301F-11D3-BF4B-00C04F79EFBC}") = "ConsoleApp1", "ConsoleApp1\ConsoleApp1.csproj", "{27A72CC5-ADBC-47DE-80FF-3DB5417158E3}"
EndProject
Global
	GlobalSection(SolutionConfigurationPlatforms) = preSolution
		Debug|Any CPU = Debug|Any CPU
		Release|Any CPU = Release|Any CPU
	EndGlobalSection
	GlobalSection(ProjectConfigurationPlatforms) = postSolution
		{27A72CC5-ADBC-47DE-80FF-3DB5417158E3}.Debug|Any CPU.ActiveCfg = Debug|Any CPU
		{27A72CC5-ADBC-47DE-80FF-3DB5417158E3}.Debug|Any CPU.Build.0 = Debug|Any CPU
		{27A72CC5-ADBC-47DE-80FF-3DB5417158E3}.Release|Any CPU.ActiveCfg = Release|Any CPU
		{27A72CC5-ADBC-47DE-80FF-3DB5417158E3}.Release|Any CPU.Build.0 = Release|Any CPU
	EndGlobalSection
	GlobalSection(SolutionProperties) = preSolution
		HideSolutionNode = FALSE
	EndGlobalSection
	GlobalSection(ExtensibilityGlobals) = postSolution
		SolutionGuid = {1944ECAE-98FE-4D20-B1D5-28DAEB5D635A}
	EndGlobalSection
EndGlobal
